{
    "_readme": [
        "This file locks the dependencies of your project to a known state",
        "Read more about it at https://getcomposer.org/doc/01-basic-usage.md#installing-dependencies",
        "This file is @generated automatically"
    ],
    "content-hash": "455d53280d22f7bcd0b0d6ff3cd548d0",
    "packages": [
        {
            "name": "omise/omise-php",
            "version": "v2.12.0",
            "source": {
                "type": "git",
                "url": "https://github.com/omise/omise-php.git",
                "reference": "9e248f29283b5190d06644322c970cf591b956bc"
            },
            "dist": {
                "type": "zip",
                "url": "https://api.github.com/repos/omise/omise-php/zipball/9e248f29283b5190d06644322c970cf591b956bc",
                "reference": "9e248f29283b5190d06644322c970cf591b956bc",
                "shasum": ""
            },
            "require": {
                "php": ">=5.4.0"
            },
            "require-dev": {
                "phpunit/phpunit": "4.4.*",
                "squizlabs/php_codesniffer": "3.*"
            },
            "type": "library",
            "autoload": {
                "classmap": [
                    "lib/omise/"
                ]
            },
            "notification-url": "https://packagist.org/downloads/",
            "license": [
                "MIT"
            ],
            "authors": [
                {
                    "name": "Omise and contributors",
                    "homepage": "https://github.com/omise/omise-php/graphs/contributors"
                }
            ],
            "description": "A PHP library designed specifically to connect with Omise API.",
            "homepage": "https://www.omise.co",
            "keywords": [
                "alipay payment",
                "credit card payment",
                "internet banking payment",
                "konbini payment",
                "omise",
                "payment",
                "payment processing"
            ],
            "support": {
                "email": "support@omise.co",
                "forum": "https://forum.omise.co",
                "issues": "https://github.com/omise/omise-php/issues",
                "source": "https://github.com/omise/omise-php/tree/master"
            },
            "time": "2019-08-26T00:34:45+00:00"
        }
    ],
    "packages-dev": [],
    "aliases": [],
    "minimum-stability": "stable",
    "stability-flags": [],
    "prefer-stable": false,
    "prefer-lowest": false,
    "platform": [],
    "platform-dev": [],
    "plugin-api-version": "2.3.0"
}
